
Microsoft Visual Studio Solution File, Format Version 12.00
# Visual Studio 15
VisualStudioVersion = 15.0.27004.2009
MinimumVisualStudioVersion = 10.0.40219.1
Project("{FAE04EC0-301F-11D3-BF4B-00C04F79EFBC}") = "webBrowser", "webBrowser\webBrowser.csproj", "{82DBFF8E-1A0B-4387-AB3F-B575459B81AD}"
EndProject
Global
	GlobalSection(SolutionConfigurationPlatforms) = preSolution
		Debug|Any CPU = Debug|Any CPU
		Release|Any CPU = Release|Any CPU
	EndGlobalSection
	GlobalSection(ProjectConfigurationPlatforms) = postSolution
		{82DBFF8E-1A0B-4387-AB3F-B575459B81AD}.Debug|Any CPU.ActiveCfg = Debug|Any CPU
		{82DBFF8E-1A0B-4387-AB3F-B575459B81AD}.Debug|Any CPU.Build.0 = Debug|Any CPU
		{82DBFF8E-1A0B-4387-AB3F-B575459B81AD}.Release|Any CPU.ActiveCfg = Release|Any CPU
		{82DBFF8E-1A0B-4387-AB3F-B575459B81AD}.Release|Any CPU.Build.0 = Release|Any CPU
	EndGlobalSection
	GlobalSection(SolutionProperties) = preSolution
		HideSolutionNode = FALSE
	EndGlobalSection
	GlobalSection(ExtensibilityGlobals) = postSolution
		SolutionGuid = {88E9132C-F302-4F18-BBFB-DC20802F96EE}
	EndGlobalSection
EndGlobal
